
Microsoft Visual Studio Solution File, Format Version 12.00
# Visual Studio Version 17
VisualStudioVersion = 17.13.35825.156 d17.13
MinimumVisualStudioVersion = 10.0.40219.1
Project("{FAE04EC0-301F-11D3-BF4B-00C04F79EFBC}") = "EventPlanner", "EventPlanner\EventPlanner.csproj", "{43920F89-6995-4116-8F85-5EB7AB7B24F8}"
EndProject
Global
	GlobalSection(SolutionConfigurationPlatforms) = preSolution
		Debug|Any CPU = Debug|Any CPU
		Release|Any CPU = Release|Any CPU
	EndGlobalSection
	GlobalSection(ProjectConfigurationPlatforms) = postSolution
		{43920F89-6995-4116-8F85-5EB7AB7B24F8}.Debug|Any CPU.ActiveCfg = Debug|Any CPU
		{43920F89-6995-4116-8F85-5EB7AB7B24F8}.Debug|Any CPU.Build.0 = Debug|Any CPU
		{43920F89-6995-4116-8F85-5EB7AB7B24F8}.Release|Any CPU.ActiveCfg = Release|Any CPU
		{43920F89-6995-4116-8F85-5EB7AB7B24F8}.Release|Any CPU.Build.0 = Release|Any CPU
	EndGlobalSection
	GlobalSection(SolutionProperties) = preSolution
		HideSolutionNode = FALSE
	EndGlobalSection
	GlobalSection(ExtensibilityGlobals) = postSolution
		SolutionGuid = {99218F5E-C6B2-46DE-B420-C9062BBB1D27}
	EndGlobalSection
EndGlobal
